// !$*UTF8*$!
{
	archiveVersion = 1;
	classes = {
	};
	objectVersion = 56;
	objects = {

/* Begin PBXBuildFile section */
		D4005A7E2B65F69D00652FCA /* FlexApp.swift in Sources */ = {isa = PBXBuildFile; fileRef = D4005A7D2B65F69D00652FCA /* FlexApp.swift */; };
		D4005A822B65F69E00652FCA /* Assets.xcassets in Resources */ = {isa = PBXBuildFile; fileRef = D4005A812B65F69E00652FCA /* Assets.xcassets */; };
		D4005A852B65F69E00652FCA /* Preview Assets.xcassets in Resources */ = {isa = PBXBuildFile; fileRef = D4005A842B65F69E00652FCA /* Preview Assets.xcassets */; };
		D4005A8F2B65F69E00652FCA /* FlexTests.swift in Sources */ = {isa = PBXBuildFile; fileRef = D4005A8E2B65F69E00652FCA /* FlexTests.swift */; };
		D4005A992B65F69F00652FCA /* FlexUITests.swift in Sources */ = {isa = PBXBuildFile; fileRef = D4005A982B65F69F00652FCA /* FlexUITests.swift */; };
		D4005A9B2B65F69F00652FCA /* FlexUITestsLaunchTests.swift in Sources */ = {isa = PBXBuildFile; fileRef = D4005A9A2B65F69F00652FCA /* FlexUITestsLaunchTests.swift */; };
		D4005AA82B65F6F600652FCA /* MainTabView.swift in Sources */ = {isa = PBXBuildFile; fileRef = D4005AA72B65F6F600652FCA /* MainTabView.swift */; };
		D4005AB12B66213200652FCA /* BudgetView.swift in Sources */ = {isa = PBXBuildFile; fileRef = D4005AB02B66213200652FCA /* BudgetView.swift */; };
		D4005AB32B66216900652FCA /* BalancesView.swift in Sources */ = {isa = PBXBuildFile; fileRef = D4005AB22B66216900652FCA /* BalancesView.swift */; };
		D4005AB52B66217C00652FCA /* TrendsView.swift in Sources */ = {isa = PBXBuildFile; fileRef = D4005AB42B66217C00652FCA /* TrendsView.swift */; };
		D4005AB72B67162800652FCA /* SettingsView.swift in Sources */ = {isa = PBXBuildFile; fileRef = D4005AB62B67162800652FCA /* SettingsView.swift */; };
		D4005AC02B67236400652FCA /* BudgetHeaderView.swift in Sources */ = {isa = PBXBuildFile; fileRef = D4005ABF2B67236300652FCA /* BudgetHeaderView.swift */; };
		D4005AC62B67245800652FCA /* BudgetFilterView.swift in Sources */ = {isa = PBXBuildFile; fileRef = D4005AC52B67245800652FCA /* BudgetFilterView.swift */; };
		D4005AC82B67247000652FCA /* BudgetCalendarView.swift in Sources */ = {isa = PBXBuildFile; fileRef = D4005AC72B67247000652FCA /* BudgetCalendarView.swift */; };
		D4005ACA2B67248200652FCA /* BudgetDetailSheetView.swift in Sources */ = {isa = PBXBuildFile; fileRef = D4005AC92B67248200652FCA /* BudgetDetailSheetView.swift */; };
		D4005ACC2B67249400652FCA /* BudgetViewModel.swift in Sources */ = {isa = PBXBuildFile; fileRef = D4005ACB2B67249400652FCA /* BudgetViewModel.swift */; };
		D4129F182B8C20F300BB2B7D /* PlaidLinkViewModel.swift in Sources */ = {isa = PBXBuildFile; fileRef = D4129F172B8C20F300BB2B7D /* PlaidLinkViewModel.swift */; };
		D4129F1A2B8C21B300BB2B7D /* ServerCommunicator.swift in Sources */ = {isa = PBXBuildFile; fileRef = D4129F192B8C21B300BB2B7D /* ServerCommunicator.swift */; };
		D4129F1C2B8C2CE300BB2B7D /* ServerResponses.swift in Sources */ = {isa = PBXBuildFile; fileRef = D4129F1B2B8C2CE300BB2B7D /* ServerResponses.swift */; };
		D4129F202B8EBF0600BB2B7D /* LinkController.swift in Sources */ = {isa = PBXBuildFile; fileRef = D4129F1F2B8EBF0600BB2B7D /* LinkController.swift */; };
		D45892832B8AB09600A8BA32 /* LinkKit in Frameworks */ = {isa = PBXBuildFile; productRef = D45892822B8AB09600A8BA32 /* LinkKit */; };
		D46B23722BACA2350091C54D /* KeychainAccess in Frameworks */ = {isa = PBXBuildFile; productRef = D46B23712BACA2350091C54D /* KeychainAccess */; };
		D46B23742BAE1EAB0091C54D /* LoginSignupView.swift in Sources */ = {isa = PBXBuildFile; fileRef = D46B23732BAE1EAB0091C54D /* LoginSignupView.swift */; };
		D46B23772BAE1F140091C54D /* OTPView.swift in Sources */ = {isa = PBXBuildFile; fileRef = D46B23762BAE1F140091C54D /* OTPView.swift */; };
		D46B23792BAE1F330091C54D /* UserDetailsView.swift in Sources */ = {isa = PBXBuildFile; fileRef = D46B23782BAE1F330091C54D /* UserDetailsView.swift */; };
		D46B237B2BB109520091C54D /* LaunchView.swift in Sources */ = {isa = PBXBuildFile; fileRef = D46B237A2BB109520091C54D /* LaunchView.swift */; };
		D46B237D2BB10B5F0091C54D /* AccountConnectionView.swift in Sources */ = {isa = PBXBuildFile; fileRef = D46B237C2BB10B5F0091C54D /* AccountConnectionView.swift */; };
		D46EDED92BA51721002FF9BE /* FlexClientDataModel.xcdatamodeld in Sources */ = {isa = PBXBuildFile; fileRef = D46EDED72BA51721002FF9BE /* FlexClientDataModel.xcdatamodeld */; };
		D46EDF0B2BA93FF3002FF9BE /* CoreDataStack.swift in Sources */ = {isa = PBXBuildFile; fileRef = D46EDF0A2BA93FF3002FF9BE /* CoreDataStack.swift */; };
		D47B9D512BBF51460020228F /* NotificationView.swift in Sources */ = {isa = PBXBuildFile; fileRef = D47B9D502BBF51460020228F /* NotificationView.swift */; };
		D47B9D542BC19FC90020228F /* SwiftCSV in Frameworks */ = {isa = PBXBuildFile; productRef = D47B9D532BC19FC90020228F /* SwiftCSV */; };
		D47B9D562BC1F7B00020228F /* DefaultBudgetPreferences.json in Resources */ = {isa = PBXBuildFile; fileRef = D47B9D552BC1F7B00020228F /* DefaultBudgetPreferences.json */; };
		D48EF48E2B95759000117E8B /* UserViewModel.swift in Sources */ = {isa = PBXBuildFile; fileRef = D48EF48D2B95759000117E8B /* UserViewModel.swift */; };
		D49D59CF2B7815E4001C0D0A /* DateViewModel.swift in Sources */ = {isa = PBXBuildFile; fileRef = D49D59CE2B7815E4001C0D0A /* DateViewModel.swift */; };
		D49D59D12B785501001C0D0A /* MonthSelectorView.swift in Sources */ = {isa = PBXBuildFile; fileRef = D49D59D02B785501001C0D0A /* MonthSelectorView.swift */; };
		D4DD3F112B7C701500D6E987 /* BudgetBarView.swift in Sources */ = {isa = PBXBuildFile; fileRef = D4DD3F102B7C701500D6E987 /* BudgetBarView.swift */; };
/* End PBXBuildFile section */

/* Begin PBXContainerItemProxy section */
		D4005A8B2B65F69E00652FCA /* PBXContainerItemProxy */ = {
			isa = PBXContainerItemProxy;
			containerPortal = D4005A722B65F69D00652FCA /* Project object */;
			proxyType = 1;
			remoteGlobalIDString = D4005A792B65F69D00652FCA;
			remoteInfo = Flex;
		};
		D4005A952B65F69F00652FCA /* PBXContainerItemProxy */ = {
			isa = PBXContainerItemProxy;
			containerPortal = D4005A722B65F69D00652FCA /* Project object */;
			proxyType = 1;
			remoteGlobalIDString = D4005A792B65F69D00652FCA;
			remoteInfo = Flex;
		};
/* End PBXContainerItemProxy section */

/* Begin PBXFileReference section */
		D4005A7A2B65F69D00652FCA /* Flex.app */ = {isa = PBXFileReference; explicitFileType = wrapper.application; includeInIndex = 0; path = Flex.app; sourceTree = BUILT_PRODUCTS_DIR; };
		D4005A7D2B65F69D00652FCA /* FlexApp.swift */ = {isa = PBXFileReference; lastKnownFileType = sourcecode.swift; path = FlexApp.swift; sourceTree = "<group>"; };
		D4005A812B65F69E00652FCA /* Assets.xcassets */ = {isa = PBXFileReference; lastKnownFileType = folder.assetcatalog; path = Assets.xcassets; sourceTree = "<group>"; };
		D4005A842B65F69E00652FCA /* Preview Assets.xcassets */ = {isa = PBXFileReference; lastKnownFileType = folder.assetcatalog; path = "Preview Assets.xcassets"; sourceTree = "<group>"; };
		D4005A8A2B65F69E00652FCA /* FlexTests.xctest */ = {isa = PBXFileReference; explicitFileType = wrapper.cfbundle; includeInIndex = 0; path = FlexTests.xctest; sourceTree = BUILT_PRODUCTS_DIR; };
		D4005A8E2B65F69E00652FCA /* FlexTests.swift */ = {isa = PBXFileReference; lastKnownFileType = sourcecode.swift; path = FlexTests.swift; sourceTree = "<group>"; };
		D4005A942B65F69F00652FCA /* FlexUITests.xctest */ = {isa = PBXFileReference; explicitFileType = wrapper.cfbundle; includeInIndex = 0; path = FlexUITests.xctest; sourceTree = BUILT_PRODUCTS_DIR; };
		D4005A982B65F69F00652FCA /* FlexUITests.swift */ = {isa = PBXFileReference; lastKnownFileType = sourcecode.swift; path = FlexUITests.swift; sourceTree = "<group>"; };
		D4005A9A2B65F69F00652FCA /* FlexUITestsLaunchTests.swift */ = {isa = PBXFileReference; lastKnownFileType = sourcecode.swift; path = FlexUITestsLaunchTests.swift; sourceTree = "<group>"; };
		D4005AA72B65F6F600652FCA /* MainTabView.swift */ = {isa = PBXFileReference; lastKnownFileType = sourcecode.swift; path = MainTabView.swift; sourceTree = "<group>"; };
		D4005AB02B66213200652FCA /* BudgetView.swift */ = {isa = PBXFileReference; lastKnownFileType = sourcecode.swift; path = BudgetView.swift; sourceTree = "<group>"; };
		D4005AB22B66216900652FCA /* BalancesView.swift */ = {isa = PBXFileReference; lastKnownFileType = sourcecode.swift; path = BalancesView.swift; sourceTree = "<group>"; };
		D4005AB42B66217C00652FCA /* TrendsView.swift */ = {isa = PBXFileReference; lastKnownFileType = sourcecode.swift; path = TrendsView.swift; sourceTree = "<group>"; };
		D4005AB62B67162800652FCA /* SettingsView.swift */ = {isa = PBXFileReference; lastKnownFileType = sourcecode.swift; path = SettingsView.swift; sourceTree = "<group>"; };
		D4005ABF2B67236300652FCA /* BudgetHeaderView.swift */ = {isa = PBXFileReference; lastKnownFileType = sourcecode.swift; path = BudgetHeaderView.swift; sourceTree = "<group>"; };
		D4005AC52B67245800652FCA /* BudgetFilterView.swift */ = {isa = PBXFileReference; lastKnownFileType = sourcecode.swift; path = BudgetFilterView.swift; sourceTree = "<group>"; };
		D4005AC72B67247000652FCA /* BudgetCalendarView.swift */ = {isa = PBXFileReference; lastKnownFileType = sourcecode.swift; path = BudgetCalendarView.swift; sourceTree = "<group>"; };
		D4005AC92B67248200652FCA /* BudgetDetailSheetView.swift */ = {isa = PBXFileReference; lastKnownFileType = sourcecode.swift; path = BudgetDetailSheetView.swift; sourceTree = "<group>"; };
		D4005ACB2B67249400652FCA /* BudgetViewModel.swift */ = {isa = PBXFileReference; lastKnownFileType = sourcecode.swift; path = BudgetViewModel.swift; sourceTree = "<group>"; };
		D4129F172B8C20F300BB2B7D /* PlaidLinkViewModel.swift */ = {isa = PBXFileReference; lastKnownFileType = sourcecode.swift; path = PlaidLinkViewModel.swift; sourceTree = "<group>"; };
		D4129F192B8C21B300BB2B7D /* ServerCommunicator.swift */ = {isa = PBXFileReference; lastKnownFileType = sourcecode.swift; path = ServerCommunicator.swift; sourceTree = "<group>"; };
		D4129F1B2B8C2CE300BB2B7D /* ServerResponses.swift */ = {isa = PBXFileReference; lastKnownFileType = sourcecode.swift; path = ServerResponses.swift; sourceTree = "<group>"; };
		D4129F1F2B8EBF0600BB2B7D /* LinkController.swift */ = {isa = PBXFileReference; fileEncoding = 4; lastKnownFileType = sourcecode.swift; path = LinkController.swift; sourceTree = "<group>"; };
		D46B23732BAE1EAB0091C54D /* LoginSignupView.swift */ = {isa = PBXFileReference; lastKnownFileType = sourcecode.swift; path = LoginSignupView.swift; sourceTree = "<group>"; };
		D46B23762BAE1F140091C54D /* OTPView.swift */ = {isa = PBXFileReference; lastKnownFileType = sourcecode.swift; path = OTPView.swift; sourceTree = "<group>"; };
		D46B23782BAE1F330091C54D /* UserDetailsView.swift */ = {isa = PBXFileReference; lastKnownFileType = sourcecode.swift; path = UserDetailsView.swift; sourceTree = "<group>"; };
		D46B237A2BB109520091C54D /* LaunchView.swift */ = {isa = PBXFileReference; lastKnownFileType = sourcecode.swift; path = LaunchView.swift; sourceTree = "<group>"; };
		D46B237C2BB10B5F0091C54D /* AccountConnectionView.swift */ = {isa = PBXFileReference; lastKnownFileType = sourcecode.swift; path = AccountConnectionView.swift; sourceTree = "<group>"; };
		D46EDED82BA51721002FF9BE /* FlexClientDataModel.xcdatamodel */ = {isa = PBXFileReference; lastKnownFileType = wrapper.xcdatamodel; path = FlexClientDataModel.xcdatamodel; sourceTree = "<group>"; };
		D46EDF0A2BA93FF3002FF9BE /* CoreDataStack.swift */ = {isa = PBXFileReference; lastKnownFileType = sourcecode.swift; path = CoreDataStack.swift; sourceTree = "<group>"; };
		D47B9D502BBF51460020228F /* NotificationView.swift */ = {isa = PBXFileReference; lastKnownFileType = sourcecode.swift; path = NotificationView.swift; sourceTree = "<group>"; };
		D47B9D552BC1F7B00020228F /* DefaultBudgetPreferences.json */ = {isa = PBXFileReference; fileEncoding = 4; lastKnownFileType = text.json; name = DefaultBudgetPreferences.json; path = ../../../../../../Downloads/DefaultBudgetPreferences.json; sourceTree = "<group>"; };
		D48EF48D2B95759000117E8B /* UserViewModel.swift */ = {isa = PBXFileReference; lastKnownFileType = sourcecode.swift; path = UserViewModel.swift; sourceTree = "<group>"; };
		D49D59CE2B7815E4001C0D0A /* DateViewModel.swift */ = {isa = PBXFileReference; lastKnownFileType = sourcecode.swift; path = DateViewModel.swift; sourceTree = "<group>"; };
		D49D59D02B785501001C0D0A /* MonthSelectorView.swift */ = {isa = PBXFileReference; lastKnownFileType = sourcecode.swift; path = MonthSelectorView.swift; sourceTree = "<group>"; };
		D4DD3F102B7C701500D6E987 /* BudgetBarView.swift */ = {isa = PBXFileReference; lastKnownFileType = sourcecode.swift; path = BudgetBarView.swift; sourceTree = "<group>"; };
/* End PBXFileReference section */

/* Begin PBXFrameworksBuildPhase section */
		D4005A772B65F69D00652FCA /* Frameworks */ = {
			isa = PBXFrameworksBuildPhase;
			buildActionMask = 2147483647;
			files = (
				D47B9D542BC19FC90020228F /* SwiftCSV in Frameworks */,
				D46B23722BACA2350091C54D /* KeychainAccess in Frameworks */,
				D45892832B8AB09600A8BA32 /* LinkKit in Frameworks */,
			);
			runOnlyForDeploymentPostprocessing = 0;
		};
		D4005A872B65F69E00652FCA /* Frameworks */ = {
			isa = PBXFrameworksBuildPhase;
			buildActionMask = 2147483647;
			files = (
			);
			runOnlyForDeploymentPostprocessing = 0;
		};
		D4005A912B65F69F00652FCA /* Frameworks */ = {
			isa = PBXFrameworksBuildPhase;
			buildActionMask = 2147483647;
			files = (
			);
			runOnlyForDeploymentPostprocessing = 0;
		};
/* End PBXFrameworksBuildPhase section */

/* Begin PBXGroup section */
		D4005A712B65F69D00652FCA = {
			isa = PBXGroup;
			children = (
				D4005A7C2B65F69D00652FCA /* Flex */,
				D4005A8D2B65F69E00652FCA /* FlexTests */,
				D4005A972B65F69F00652FCA /* FlexUITests */,
				D4005A7B2B65F69D00652FCA /* Products */,
			);
			sourceTree = "<group>";
		};
		D4005A7B2B65F69D00652FCA /* Products */ = {
			isa = PBXGroup;
			children = (
				D4005A7A2B65F69D00652FCA /* Flex.app */,
				D4005A8A2B65F69E00652FCA /* FlexTests.xctest */,
				D4005A942B65F69F00652FCA /* FlexUITests.xctest */,
			);
			name = Products;
			sourceTree = "<group>";
		};
		D4005A7C2B65F69D00652FCA /* Flex */ = {
			isa = PBXGroup;
			children = (
				D46B23752BAE1EF00091C54D /* Launch */,
				D4005A7D2B65F69D00652FCA /* FlexApp.swift */,
				D4005AA72B65F6F600652FCA /* MainTabView.swift */,
				D4005AAD2B661D9000652FCA /* Balances */,
				D4005AAC2B661D7600652FCA /* Trends */,
				D4005AAB2B661D6700652FCA /* Budget */,
				D4005AB82B671B8600652FCA /* Settings */,
				D4005A812B65F69E00652FCA /* Assets.xcassets */,
				D4005AC12B67240900652FCA /* Shared */,
				D4005A832B65F69E00652FCA /* Preview Content */,
				D46EDED72BA51721002FF9BE /* FlexClientDataModel.xcdatamodeld */,
				D46EDF0A2BA93FF3002FF9BE /* CoreDataStack.swift */,
			);
			path = Flex;
			sourceTree = "<group>";
		};
		D4005A832B65F69E00652FCA /* Preview Content */ = {
			isa = PBXGroup;
			children = (
				D4005A842B65F69E00652FCA /* Preview Assets.xcassets */,
			);
			path = "Preview Content";
			sourceTree = "<group>";
		};
		D4005A8D2B65F69E00652FCA /* FlexTests */ = {
			isa = PBXGroup;
			children = (
				D4005A8E2B65F69E00652FCA /* FlexTests.swift */,
			);
			path = FlexTests;
			sourceTree = "<group>";
		};
		D4005A972B65F69F00652FCA /* FlexUITests */ = {
			isa = PBXGroup;
			children = (
				D4005A982B65F69F00652FCA /* FlexUITests.swift */,
				D4005A9A2B65F69F00652FCA /* FlexUITestsLaunchTests.swift */,
			);
			path = FlexUITests;
			sourceTree = "<group>";
		};
		D4005AAB2B661D6700652FCA /* Budget */ = {
			isa = PBXGroup;
			children = (
				D47B9D552BC1F7B00020228F /* DefaultBudgetPreferences.json */,
				D4005AB02B66213200652FCA /* BudgetView.swift */,
				D4005AC52B67245800652FCA /* BudgetFilterView.swift */,
				D4005ABF2B67236300652FCA /* BudgetHeaderView.swift */,
				D4DD3F102B7C701500D6E987 /* BudgetBarView.swift */,
				D4005AC72B67247000652FCA /* BudgetCalendarView.swift */,
				D4005AC92B67248200652FCA /* BudgetDetailSheetView.swift */,
				D4005ACB2B67249400652FCA /* BudgetViewModel.swift */,
			);
			path = Budget;
			sourceTree = "<group>";
		};
		D4005AAC2B661D7600652FCA /* Trends */ = {
			isa = PBXGroup;
			children = (
				D4005AB42B66217C00652FCA /* TrendsView.swift */,
			);
			path = Trends;
			sourceTree = "<group>";
		};
		D4005AAD2B661D9000652FCA /* Balances */ = {
			isa = PBXGroup;
			children = (
				D4005AB22B66216900652FCA /* BalancesView.swift */,
			);
			path = Balances;
			sourceTree = "<group>";
		};
		D4005AB82B671B8600652FCA /* Settings */ = {
			isa = PBXGroup;
			children = (
				D4005AB62B67162800652FCA /* SettingsView.swift */,
			);
			path = Settings;
			sourceTree = "<group>";
		};
		D4005AC12B67240900652FCA /* Shared */ = {
			isa = PBXGroup;
			children = (
				D4005AC42B67244000652FCA /* Utilities */,
				D4005AC32B67243A00652FCA /* Models */,
				D4005AC22B67243200652FCA /* Components */,
			);
			path = Shared;
			sourceTree = "<group>";
		};
		D4005AC22B67243200652FCA /* Components */ = {
			isa = PBXGroup;
			children = (
				D49D59D02B785501001C0D0A /* MonthSelectorView.swift */,
			);
			path = Components;
			sourceTree = "<group>";
		};
		D4005AC32B67243A00652FCA /* Models */ = {
			isa = PBXGroup;
			children = (
				D4129F172B8C20F300BB2B7D /* PlaidLinkViewModel.swift */,
				D49D59CE2B7815E4001C0D0A /* DateViewModel.swift */,
				D48EF48D2B95759000117E8B /* UserViewModel.swift */,
			);
			path = Models;
			sourceTree = "<group>";
		};
		D4005AC42B67244000652FCA /* Utilities */ = {
			isa = PBXGroup;
			children = (
				D4129F192B8C21B300BB2B7D /* ServerCommunicator.swift */,
				D4129F1B2B8C2CE300BB2B7D /* ServerResponses.swift */,
				D4129F1F2B8EBF0600BB2B7D /* LinkController.swift */,
			);
			path = Utilities;
			sourceTree = "<group>";
		};
		D46B23752BAE1EF00091C54D /* Launch */ = {
			isa = PBXGroup;
			children = (
				D46B237A2BB109520091C54D /* LaunchView.swift */,
				D46B23732BAE1EAB0091C54D /* LoginSignupView.swift */,
				D46B23762BAE1F140091C54D /* OTPView.swift */,
				D46B23782BAE1F330091C54D /* UserDetailsView.swift */,
				D46B237C2BB10B5F0091C54D /* AccountConnectionView.swift */,
				D47B9D502BBF51460020228F /* NotificationView.swift */,
			);
			path = Launch;
			sourceTree = "<group>";
		};
/* End PBXGroup section */

/* Begin PBXNativeTarget section */
		D4005A792B65F69D00652FCA /* Flex */ = {
			isa = PBXNativeTarget;
			buildConfigurationList = D4005A9E2B65F69F00652FCA /* Build configuration list for PBXNativeTarget "Flex" */;
			buildPhases = (
				D4005A762B65F69D00652FCA /* Sources */,
				D4005A772B65F69D00652FCA /* Frameworks */,
				D4005A782B65F69D00652FCA /* Resources */,
			);
			buildRules = (
			);
			dependencies = (
			);
			name = Flex;
			packageProductDependencies = (
				D45892822B8AB09600A8BA32 /* LinkKit */,
				D46B23712BACA2350091C54D /* KeychainAccess */,
				D47B9D532BC19FC90020228F /* SwiftCSV */,
			);
			productName = Flex;
			productReference = D4005A7A2B65F69D00652FCA /* Flex.app */;
			productType = "com.apple.product-type.application";
		};
		D4005A892B65F69E00652FCA /* FlexTests */ = {
			isa = PBXNativeTarget;
			buildConfigurationList = D4005AA12B65F69F00652FCA /* Build configuration list for PBXNativeTarget "FlexTests" */;
			buildPhases = (
				D4005A862B65F69E00652FCA /* Sources */,
				D4005A872B65F69E00652FCA /* Frameworks */,
				D4005A882B65F69E00652FCA /* Resources */,
			);
			buildRules = (
			);
			dependencies = (
				D4005A8C2B65F69E00652FCA /* PBXTargetDependency */,
			);
			name = FlexTests;
			productName = FlexTests;
			productReference = D4005A8A2B65F69E00652FCA /* FlexTests.xctest */;
			productType = "com.apple.product-type.bundle.unit-test";
		};
		D4005A932B65F69F00652FCA /* FlexUITests */ = {
			isa = PBXNativeTarget;
			buildConfigurationList = D4005AA42B65F69F00652FCA /* Build configuration list for PBXNativeTarget "FlexUITests" */;
			buildPhases = (
				D4005A902B65F69F00652FCA /* Sources */,
				D4005A912B65F69F00652FCA /* Frameworks */,
				D4005A922B65F69F00652FCA /* Resources */,
			);
			buildRules = (
			);
			dependencies = (
				D4005A962B65F69F00652FCA /* PBXTargetDependency */,
			);
			name = FlexUITests;
			productName = FlexUITests;
			productReference = D4005A942B65F69F00652FCA /* FlexUITests.xctest */;
			productType = "com.apple.product-type.bundle.ui-testing";
		};
/* End PBXNativeTarget section */

/* Begin PBXProject section */
		D4005A722B65F69D00652FCA /* Project object */ = {
			isa = PBXProject;
			attributes = {
				BuildIndependentTargetsInParallel = 1;
				LastSwiftUpdateCheck = 1520;
				LastUpgradeCheck = 1520;
				TargetAttributes = {
					D4005A792B65F69D00652FCA = {
						CreatedOnToolsVersion = 15.2;
					};
					D4005A892B65F69E00652FCA = {
						CreatedOnToolsVersion = 15.2;
						TestTargetID = D4005A792B65F69D00652FCA;
					};
					D4005A932B65F69F00652FCA = {
						CreatedOnToolsVersion = 15.2;
						TestTargetID = D4005A792B65F69D00652FCA;
					};
				};
			};
			buildConfigurationList = D4005A752B65F69D00652FCA /* Build configuration list for PBXProject "Flex" */;
			compatibilityVersion = "Xcode 14.0";
			developmentRegion = en;
			hasScannedForEncodings = 0;
			knownRegions = (
				en,
				Base,
			);
			mainGroup = D4005A712B65F69D00652FCA;
			packageReferences = (
				D45892812B8AB09600A8BA32 /* XCRemoteSwiftPackageReference "plaid-link-ios" */,
				D46B23702BACA2350091C54D /* XCRemoteSwiftPackageReference "KeychainAccess" */,
				D47B9D522BC19FC90020228F /* XCRemoteSwiftPackageReference "SwiftCSV" */,
			);
			productRefGroup = D4005A7B2B65F69D00652FCA /* Products */;
			projectDirPath = "";
			projectRoot = "";
			targets = (
				D4005A792B65F69D00652FCA /* Flex */,
				D4005A892B65F69E00652FCA /* FlexTests */,
				D4005A932B65F69F00652FCA /* FlexUITests */,
			);
		};
/* End PBXProject section */

/* Begin PBXResourcesBuildPhase section */
		D4005A782B65F69D00652FCA /* Resources */ = {
			isa = PBXResourcesBuildPhase;
			buildActionMask = 2147483647;
			files = (
				D47B9D562BC1F7B00020228F /* DefaultBudgetPreferences.json in Resources */,
				D4005A852B65F69E00652FCA /* Preview Assets.xcassets in Resources */,
				D4005A822B65F69E00652FCA /* Assets.xcassets in Resources */,
			);
			runOnlyForDeploymentPostprocessing = 0;
		};
		D4005A882B65F69E00652FCA /* Resources */ = {
			isa = PBXResourcesBuildPhase;
			buildActionMask = 2147483647;
			files = (
			);
			runOnlyForDeploymentPostprocessing = 0;
		};
		D4005A922B65F69F00652FCA /* Resources */ = {
			isa = PBXResourcesBuildPhase;
			buildActionMask = 2147483647;
			files = (
			);
			runOnlyForDeploymentPostprocessing = 0;
		};
/* End PBXResourcesBuildPhase section */

/* Begin PBXSourcesBuildPhase section */
		D4005A762B65F69D00652FCA /* Sources */ = {
			isa = PBXSourcesBuildPhase;
			buildActionMask = 2147483647;
			files = (
				D46EDF0B2BA93FF3002FF9BE /* CoreDataStack.swift in Sources */,
				D4005AC62B67245800652FCA /* BudgetFilterView.swift in Sources */,
				D46B23772BAE1F140091C54D /* OTPView.swift in Sources */,
				D4129F202B8EBF0600BB2B7D /* LinkController.swift in Sources */,
				D4005AB72B67162800652FCA /* SettingsView.swift in Sources */,
				D4005AC02B67236400652FCA /* BudgetHeaderView.swift in Sources */,
				D4005AB32B66216900652FCA /* BalancesView.swift in Sources */,
				D46B237D2BB10B5F0091C54D /* AccountConnectionView.swift in Sources */,
				D47B9D512BBF51460020228F /* NotificationView.swift in Sources */,
				D4129F182B8C20F300BB2B7D /* PlaidLinkViewModel.swift in Sources */,
				D49D59D12B785501001C0D0A /* MonthSelectorView.swift in Sources */,
				D49D59CF2B7815E4001C0D0A /* DateViewModel.swift in Sources */,
				D4129F1C2B8C2CE300BB2B7D /* ServerResponses.swift in Sources */,
				D46B237B2BB109520091C54D /* LaunchView.swift in Sources */,
				D4005AB52B66217C00652FCA /* TrendsView.swift in Sources */,
				D4005AB12B66213200652FCA /* BudgetView.swift in Sources */,
				D46B23742BAE1EAB0091C54D /* LoginSignupView.swift in Sources */,
				D4005ACA2B67248200652FCA /* BudgetDetailSheetView.swift in Sources */,
				D4005AC82B67247000652FCA /* BudgetCalendarView.swift in Sources */,
				D46B23792BAE1F330091C54D /* UserDetailsView.swift in Sources */,
				D48EF48E2B95759000117E8B /* UserViewModel.swift in Sources */,
				D46EDED92BA51721002FF9BE /* FlexClientDataModel.xcdatamodeld in Sources */,
				D4129F1A2B8C21B300BB2B7D /* ServerCommunicator.swift in Sources */,
				D4005AA82B65F6F600652FCA /* MainTabView.swift in Sources */,
				D4005A7E2B65F69D00652FCA /* FlexApp.swift in Sources */,
				D4DD3F112B7C701500D6E987 /* BudgetBarView.swift in Sources */,
				D4005ACC2B67249400652FCA /* BudgetViewModel.swift in Sources */,
			);
			runOnlyForDeploymentPostprocessing = 0;
		};
		D4005A862B65F69E00652FCA /* Sources */ = {
			isa = PBXSourcesBuildPhase;
			buildActionMask = 2147483647;
			files = (
				D4005A8F2B65F69E00652FCA /* FlexTests.swift in Sources */,
			);
			runOnlyForDeploymentPostprocessing = 0;
		};
		D4005A902B65F69F00652FCA /* Sources */ = {
			isa = PBXSourcesBuildPhase;
			buildActionMask = 2147483647;
			files = (
				D4005A992B65F69F00652FCA /* FlexUITests.swift in Sources */,
				D4005A9B2B65F69F00652FCA /* FlexUITestsLaunchTests.swift in Sources */,
			);
			runOnlyForDeploymentPostprocessing = 0;
		};
/* End PBXSourcesBuildPhase section */

/* Begin PBXTargetDependency section */
		D4005A8C2B65F69E00652FCA /* PBXTargetDependency */ = {
			isa = PBXTargetDependency;
			target = D4005A792B65F69D00652FCA /* Flex */;
			targetProxy = D4005A8B2B65F69E00652FCA /* PBXContainerItemProxy */;
		};
		D4005A962B65F69F00652FCA /* PBXTargetDependency */ = {
			isa = PBXTargetDependency;
			target = D4005A792B65F69D00652FCA /* Flex */;
			targetProxy = D4005A952B65F69F00652FCA /* PBXContainerItemProxy */;
		};
/* End PBXTargetDependency section */

/* Begin XCBuildConfiguration section */
		D4005A9C2B65F69F00652FCA /* Debug */ = {
			isa = XCBuildConfiguration;
			buildSettings = {
				ALWAYS_SEARCH_USER_PATHS = NO;
				ASSETCATALOG_COMPILER_GENERATE_SWIFT_ASSET_SYMBOL_EXTENSIONS = YES;
				CLANG_ANALYZER_NONNULL = YES;
				CLANG_ANALYZER_NUMBER_OBJECT_CONVERSION = YES_AGGRESSIVE;
				CLANG_CXX_LANGUAGE_STANDARD = "gnu++20";
				CLANG_ENABLE_MODULES = YES;
				CLANG_ENABLE_OBJC_ARC = YES;
				CLANG_ENABLE_OBJC_WEAK = YES;
				CLANG_WARN_BLOCK_CAPTURE_AUTORELEASING = YES;
				CLANG_WARN_BOOL_CONVERSION = YES;
				CLANG_WARN_COMMA = YES;
				CLANG_WARN_CONSTANT_CONVERSION = YES;
				CLANG_WARN_DEPRECATED_OBJC_IMPLEMENTATIONS = YES;
				CLANG_WARN_DIRECT_OBJC_ISA_USAGE = YES_ERROR;
				CLANG_WARN_DOCUMENTATION_COMMENTS = YES;
				CLANG_WARN_EMPTY_BODY = YES;
				CLANG_WARN_ENUM_CONVERSION = YES;
				CLANG_WARN_INFINITE_RECURSION = YES;
				CLANG_WARN_INT_CONVERSION = YES;
				CLANG_WARN_NON_LITERAL_NULL_CONVERSION = YES;
				CLANG_WARN_OBJC_IMPLICIT_RETAIN_SELF = YES;
				CLANG_WARN_OBJC_LITERAL_CONVERSION = YES;
				CLANG_WARN_OBJC_ROOT_CLASS = YES_ERROR;
				CLANG_WARN_QUOTED_INCLUDE_IN_FRAMEWORK_HEADER = YES;
				CLANG_WARN_RANGE_LOOP_ANALYSIS = YES;
				CLANG_WARN_STRICT_PROTOTYPES = YES;
				CLANG_WARN_SUSPICIOUS_MOVE = YES;
				CLANG_WARN_UNGUARDED_AVAILABILITY = YES_AGGRESSIVE;
				CLANG_WARN_UNREACHABLE_CODE = YES;
				CLANG_WARN__DUPLICATE_METHOD_MATCH = YES;
				COPY_PHASE_STRIP = NO;
				DEBUG_INFORMATION_FORMAT = dwarf;
				ENABLE_STRICT_OBJC_MSGSEND = YES;
				ENABLE_TESTABILITY = YES;
				ENABLE_USER_SCRIPT_SANDBOXING = YES;
				GCC_C_LANGUAGE_STANDARD = gnu17;
				GCC_DYNAMIC_NO_PIC = NO;
				GCC_NO_COMMON_BLOCKS = YES;
				GCC_OPTIMIZATION_LEVEL = 0;
				GCC_PREPROCESSOR_DEFINITIONS = (
					"DEBUG=1",
					"$(inherited)",
				);
				GCC_WARN_64_TO_32_BIT_CONVERSION = YES;
				GCC_WARN_ABOUT_RETURN_TYPE = YES_ERROR;
				GCC_WARN_UNDECLARED_SELECTOR = YES;
				GCC_WARN_UNINITIALIZED_AUTOS = YES_AGGRESSIVE;
				GCC_WARN_UNUSED_FUNCTION = YES;
				GCC_WARN_UNUSED_VARIABLE = YES;
				IPHONEOS_DEPLOYMENT_TARGET = 17.2;
				LOCALIZATION_PREFERS_STRING_CATALOGS = YES;
				MTL_ENABLE_DEBUG_INFO = INCLUDE_SOURCE;
				MTL_FAST_MATH = YES;
				ONLY_ACTIVE_ARCH = YES;
				SDKROOT = iphoneos;
				SWIFT_ACTIVE_COMPILATION_CONDITIONS = "DEBUG $(inherited)";
				SWIFT_OPTIMIZATION_LEVEL = "-Onone";
			};
			name = Debug;
		};
		D4005A9D2B65F69F00652FCA /* Release */ = {
			isa = XCBuildConfiguration;
			buildSettings = {
				ALWAYS_SEARCH_USER_PATHS = NO;
				ASSETCATALOG_COMPILER_GENERATE_SWIFT_ASSET_SYMBOL_EXTENSIONS = YES;
				CLANG_ANALYZER_NONNULL = YES;
				CLANG_ANALYZER_NUMBER_OBJECT_CONVERSION = YES_AGGRESSIVE;
				CLANG_CXX_LANGUAGE_STANDARD = "gnu++20";
				CLANG_ENABLE_MODULES = YES;
				CLANG_ENABLE_OBJC_ARC = YES;
				CLANG_ENABLE_OBJC_WEAK = YES;
				CLANG_WARN_BLOCK_CAPTURE_AUTORELEASING = YES;
				CLANG_WARN_BOOL_CONVERSION = YES;
				CLANG_WARN_COMMA = YES;
				CLANG_WARN_CONSTANT_CONVERSION = YES;
				CLANG_WARN_DEPRECATED_OBJC_IMPLEMENTATIONS = YES;
				CLANG_WARN_DIRECT_OBJC_ISA_USAGE = YES_ERROR;
				CLANG_WARN_DOCUMENTATION_COMMENTS = YES;
				CLANG_WARN_EMPTY_BODY = YES;
				CLANG_WARN_ENUM_CONVERSION = YES;
				CLANG_WARN_INFINITE_RECURSION = YES;
				CLANG_WARN_INT_CONVERSION = YES;
				CLANG_WARN_NON_LITERAL_NULL_CONVERSION = YES;
				CLANG_WARN_OBJC_IMPLICIT_RETAIN_SELF = YES;
				CLANG_WARN_OBJC_LITERAL_CONVERSION = YES;
				CLANG_WARN_OBJC_ROOT_CLASS = YES_ERROR;
				CLANG_WARN_QUOTED_INCLUDE_IN_FRAMEWORK_HEADER = YES;
				CLANG_WARN_RANGE_LOOP_ANALYSIS = YES;
				CLANG_WARN_STRICT_PROTOTYPES = YES;
				CLANG_WARN_SUSPICIOUS_MOVE = YES;
				CLANG_WARN_UNGUARDED_AVAILABILITY = YES_AGGRESSIVE;
				CLANG_WARN_UNREACHABLE_CODE = YES;
				CLANG_WARN__DUPLICATE_METHOD_MATCH = YES;
				COPY_PHASE_STRIP = NO;
				DEBUG_INFORMATION_FORMAT = "dwarf-with-dsym";
				ENABLE_NS_ASSERTIONS = NO;
				ENABLE_STRICT_OBJC_MSGSEND = YES;
				ENABLE_USER_SCRIPT_SANDBOXING = YES;
				GCC_C_LANGUAGE_STANDARD = gnu17;
				GCC_NO_COMMON_BLOCKS = YES;
				GCC_WARN_64_TO_32_BIT_CONVERSION = YES;
				GCC_WARN_ABOUT_RETURN_TYPE = YES_ERROR;
				GCC_WARN_UNDECLARED_SELECTOR = YES;
				GCC_WARN_UNINITIALIZED_AUTOS = YES_AGGRESSIVE;
				GCC_WARN_UNUSED_FUNCTION = YES;
				GCC_WARN_UNUSED_VARIABLE = YES;
				IPHONEOS_DEPLOYMENT_TARGET = 17.2;
				LOCALIZATION_PREFERS_STRING_CATALOGS = YES;
				MTL_ENABLE_DEBUG_INFO = NO;
				MTL_FAST_MATH = YES;
				SDKROOT = iphoneos;
				SWIFT_COMPILATION_MODE = wholemodule;
				VALIDATE_PRODUCT = YES;
			};
			name = Release;
		};
		D4005A9F2B65F69F00652FCA /* Debug */ = {
			isa = XCBuildConfiguration;
			buildSettings = {
				ASSETCATALOG_COMPILER_APPICON_NAME = AppIcon;
				ASSETCATALOG_COMPILER_GLOBAL_ACCENT_COLOR_NAME = AccentColor;
				CODE_SIGN_STYLE = Automatic;
				CURRENT_PROJECT_VERSION = 1;
				DEVELOPMENT_ASSET_PATHS = "\"Flex/Preview Content\"";
				DEVELOPMENT_TEAM = 95AH3A89D8;
				ENABLE_PREVIEWS = YES;
				GENERATE_INFOPLIST_FILE = YES;
				INFOPLIST_KEY_UIApplicationSceneManifest_Generation = YES;
				INFOPLIST_KEY_UIApplicationSupportsIndirectInputEvents = YES;
				INFOPLIST_KEY_UILaunchScreen_Generation = YES;
				INFOPLIST_KEY_UISupportedInterfaceOrientations_iPad = "UIInterfaceOrientationPortrait UIInterfaceOrientationPortraitUpsideDown UIInterfaceOrientationLandscapeLeft UIInterfaceOrientationLandscapeRight";
				INFOPLIST_KEY_UISupportedInterfaceOrientations_iPhone = "UIInterfaceOrientationPortrait UIInterfaceOrientationLandscapeLeft UIInterfaceOrientationLandscapeRight";
				LD_RUNPATH_SEARCH_PATHS = (
					"$(inherited)",
					"@executable_path/Frameworks",
				);
				MARKETING_VERSION = 1.0;
				PRODUCT_BUNDLE_IDENTIFIER = robharrell.Flex;
				PRODUCT_NAME = "$(TARGET_NAME)";
				SWIFT_EMIT_LOC_STRINGS = YES;
				SWIFT_VERSION = 5.0;
				TARGETED_DEVICE_FAMILY = "1,2";
			};
			name = Debug;
		};
		D4005AA02B65F69F00652FCA /* Release */ = {
			isa = XCBuildConfiguration;
			buildSettings = {
				ASSETCATALOG_COMPILER_APPICON_NAME = AppIcon;
				ASSETCATALOG_COMPILER_GLOBAL_ACCENT_COLOR_NAME = AccentColor;
				CODE_SIGN_STYLE = Automatic;
				CURRENT_PROJECT_VERSION = 1;
				DEVELOPMENT_ASSET_PATHS = "\"Flex/Preview Content\"";
				DEVELOPMENT_TEAM = 95AH3A89D8;
				ENABLE_PREVIEWS = YES;
				GENERATE_INFOPLIST_FILE = YES;
				INFOPLIST_KEY_UIApplicationSceneManifest_Generation = YES;
				INFOPLIST_KEY_UIApplicationSupportsIndirectInputEvents = YES;
				INFOPLIST_KEY_UILaunchScreen_Generation = YES;
				INFOPLIST_KEY_UISupportedInterfaceOrientations_iPad = "UIInterfaceOrientationPortrait UIInterfaceOrientationPortraitUpsideDown UIInterfaceOrientationLandscapeLeft UIInterfaceOrientationLandscapeRight";
				INFOPLIST_KEY_UISupportedInterfaceOrientations_iPhone = "UIInterfaceOrientationPortrait UIInterfaceOrientationLandscapeLeft UIInterfaceOrientationLandscapeRight";
				LD_RUNPATH_SEARCH_PATHS = (
					"$(inherited)",
					"@executable_path/Frameworks",
				);
				MARKETING_VERSION = 1.0;
				PRODUCT_BUNDLE_IDENTIFIER = robharrell.Flex;
				PRODUCT_NAME = "$(TARGET_NAME)";
				SWIFT_EMIT_LOC_STRINGS = YES;
				SWIFT_VERSION = 5.0;
				TARGETED_DEVICE_FAMILY = "1,2";
			};
			name = Release;
		};
		D4005AA22B65F69F00652FCA /* Debug */ = {
			isa = XCBuildConfiguration;
			buildSettings = {
				ALWAYS_EMBED_SWIFT_STANDARD_LIBRARIES = YES;
				BUNDLE_LOADER = "$(TEST_HOST)";
				CODE_SIGN_STYLE = Automatic;
				CURRENT_PROJECT_VERSION = 1;
				GENERATE_INFOPLIST_FILE = YES;
				IPHONEOS_DEPLOYMENT_TARGET = 17.2;
				MARKETING_VERSION = 1.0;
				PRODUCT_BUNDLE_IDENTIFIER = "temp-org.FlexTests";
				PRODUCT_NAME = "$(TARGET_NAME)";
				SWIFT_EMIT_LOC_STRINGS = NO;
				SWIFT_VERSION = 5.0;
				TARGETED_DEVICE_FAMILY = "1,2";
				TEST_HOST = "$(BUILT_PRODUCTS_DIR)/Flex.app/$(BUNDLE_EXECUTABLE_FOLDER_PATH)/Flex";
			};
			name = Debug;
		};
		D4005AA32B65F69F00652FCA /* Release */ = {
			isa = XCBuildConfiguration;
			buildSettings = {
				ALWAYS_EMBED_SWIFT_STANDARD_LIBRARIES = YES;
				BUNDLE_LOADER = "$(TEST_HOST)";
				CODE_SIGN_STYLE = Automatic;
				CURRENT_PROJECT_VERSION = 1;
				GENERATE_INFOPLIST_FILE = YES;
				IPHONEOS_DEPLOYMENT_TARGET = 17.2;
				MARKETING_VERSION = 1.0;
				PRODUCT_BUNDLE_IDENTIFIER = "temp-org.FlexTests";
				PRODUCT_NAME = "$(TARGET_NAME)";
				SWIFT_EMIT_LOC_STRINGS = NO;
				SWIFT_VERSION = 5.0;
				TARGETED_DEVICE_FAMILY = "1,2";
				TEST_HOST = "$(BUILT_PRODUCTS_DIR)/Flex.app/$(BUNDLE_EXECUTABLE_FOLDER_PATH)/Flex";
			};
			name = Release;
		};
		D4005AA52B65F69F00652FCA /* Debug */ = {
			isa = XCBuildConfiguration;
			buildSettings = {
				ALWAYS_EMBED_SWIFT_STANDARD_LIBRARIES = YES;
				CODE_SIGN_STYLE = Automatic;
				CURRENT_PROJECT_VERSION = 1;
				GENERATE_INFOPLIST_FILE = YES;
				MARKETING_VERSION = 1.0;
				PRODUCT_BUNDLE_IDENTIFIER = "temp-org.FlexUITests";
				PRODUCT_NAME = "$(TARGET_NAME)";
				SWIFT_EMIT_LOC_STRINGS = NO;
				SWIFT_VERSION = 5.0;
				TARGETED_DEVICE_FAMILY = "1,2";
				TEST_TARGET_NAME = Flex;
			};
			name = Debug;
		};
		D4005AA62B65F69F00652FCA /* Release */ = {
			isa = XCBuildConfiguration;
			buildSettings = {
				ALWAYS_EMBED_SWIFT_STANDARD_LIBRARIES = YES;
				CODE_SIGN_STYLE = Automatic;
				CURRENT_PROJECT_VERSION = 1;
				GENERATE_INFOPLIST_FILE = YES;
				MARKETING_VERSION = 1.0;
				PRODUCT_BUNDLE_IDENTIFIER = "temp-org.FlexUITests";
				PRODUCT_NAME = "$(TARGET_NAME)";
				SWIFT_EMIT_LOC_STRINGS = NO;
				SWIFT_VERSION = 5.0;
				TARGETED_DEVICE_FAMILY = "1,2";
				TEST_TARGET_NAME = Flex;
			};
			name = Release;
		};
/* End XCBuildConfiguration section */

/* Begin XCConfigurationList section */
		D4005A752B65F69D00652FCA /* Build configuration list for PBXProject "Flex" */ = {
			isa = XCConfigurationList;
			buildConfigurations = (
				D4005A9C2B65F69F00652FCA /* Debug */,
				D4005A9D2B65F69F00652FCA /* Release */,
			);
			defaultConfigurationIsVisible = 0;
			defaultConfigurationName = Release;
		};
		D4005A9E2B65F69F00652FCA /* Build configuration list for PBXNativeTarget "Flex" */ = {
			isa = XCConfigurationList;
			buildConfigurations = (
				D4005A9F2B65F69F00652FCA /* Debug */,
				D4005AA02B65F69F00652FCA /* Release */,
			);
			defaultConfigurationIsVisible = 0;
			defaultConfigurationName = Release;
		};
		D4005AA12B65F69F00652FCA /* Build configuration list for PBXNativeTarget "FlexTests" */ = {
			isa = XCConfigurationList;
			buildConfigurations = (
				D4005AA22B65F69F00652FCA /* Debug */,
				D4005AA32B65F69F00652FCA /* Release */,
			);
			defaultConfigurationIsVisible = 0;
			defaultConfigurationName = Release;
		};
		D4005AA42B65F69F00652FCA /* Build configuration list for PBXNativeTarget "FlexUITests" */ = {
			isa = XCConfigurationList;
			buildConfigurations = (
				D4005AA52B65F69F00652FCA /* Debug */,
				D4005AA62B65F69F00652FCA /* Release */,
			);
			defaultConfigurationIsVisible = 0;
			defaultConfigurationName = Release;
		};
/* End XCConfigurationList section */

/* Begin XCRemoteSwiftPackageReference section */
		D45892812B8AB09600A8BA32 /* XCRemoteSwiftPackageReference "plaid-link-ios" */ = {
			isa = XCRemoteSwiftPackageReference;
			repositoryURL = "https://github.com/plaid/plaid-link-ios";
			requirement = {
				kind = upToNextMajorVersion;
				minimumVersion = 5.2.1;
			};
		};
		D46B23702BACA2350091C54D /* XCRemoteSwiftPackageReference "KeychainAccess" */ = {
			isa = XCRemoteSwiftPackageReference;
			repositoryURL = "https://github.com/kishikawakatsumi/KeychainAccess.git";
			requirement = {
				branch = master;
				kind = branch;
			};
		};
		D47B9D522BC19FC90020228F /* XCRemoteSwiftPackageReference "SwiftCSV" */ = {
			isa = XCRemoteSwiftPackageReference;
			repositoryURL = "https://github.com/swiftcsv/SwiftCSV.git";
			requirement = {
				kind = upToNextMajorVersion;
				minimumVersion = 0.9.1;
			};
		};
/* End XCRemoteSwiftPackageReference section */

/* Begin XCSwiftPackageProductDependency section */
		D45892822B8AB09600A8BA32 /* LinkKit */ = {
			isa = XCSwiftPackageProductDependency;
			package = D45892812B8AB09600A8BA32 /* XCRemoteSwiftPackageReference "plaid-link-ios" */;
			productName = LinkKit;
		};
		D46B23712BACA2350091C54D /* KeychainAccess */ = {
			isa = XCSwiftPackageProductDependency;
			package = D46B23702BACA2350091C54D /* XCRemoteSwiftPackageReference "KeychainAccess" */;
			productName = KeychainAccess;
		};
		D47B9D532BC19FC90020228F /* SwiftCSV */ = {
			isa = XCSwiftPackageProductDependency;
			package = D47B9D522BC19FC90020228F /* XCRemoteSwiftPackageReference "SwiftCSV" */;
			productName = SwiftCSV;
		};
/* End XCSwiftPackageProductDependency section */

/* Begin XCVersionGroup section */
		D46EDED72BA51721002FF9BE /* FlexClientDataModel.xcdatamodeld */ = {
			isa = XCVersionGroup;
			children = (
				D46EDED82BA51721002FF9BE /* FlexClientDataModel.xcdatamodel */,
			);
			currentVersion = D46EDED82BA51721002FF9BE /* FlexClientDataModel.xcdatamodel */;
			path = FlexClientDataModel.xcdatamodeld;
			sourceTree = "<group>";
			versionGroupType = wrapper.xcdatamodel;
		};
/* End XCVersionGroup section */
	};
	rootObject = D4005A722B65F69D00652FCA /* Project object */;
}
