{
  "pins" : [
    {
      "identity" : "keychainaccess",
      "kind" : "remoteSourceControl",
      "location" : "https://github.com/kishikawakatsumi/KeychainAccess.git",
      "state" : {
        "branch" : "master",
        "revision" : "e0c7eebc5a4465a3c4680764f26b7a61f567cdaf"
      }
    },
    {
      "identity" : "plaid-link-ios",
      "kind" : "remoteSourceControl",
      "location" : "https://github.com/plaid/plaid-link-ios",
      "state" : {
        "revision" : "fd5e2affd37c8a5ffd617cd3c9849df8aa7c6dba",
        "version" : "5.5.0"
      }
    },
    {
      "identity" : "swiftcsv",
      "kind" : "remoteSourceControl",
      "location" : "https://github.com/swiftcsv/SwiftCSV.git",
      "state" : {
        "revision" : "6ab5d0fe9b6ef3c79d717eefa70862df389e74d9",
        "version" : "0.10.0"
      }
    }
  ],
  "version" : 2
}
